<?xml version="1.0" encoding="utf-8"?>
<Project ToolsVersion="4.0" xmlns="http://schemas.microsoft.com/developer/msbuild/2003">
  <ItemGroup>
    <Filter Include="Configuration Files">
      <UniqueIdentifier>{01352a7e-3dd9-4d63-8c01-01edde847e61}</UniqueIdentifier>
    </Filter>
    <Filter Include="RequestHandler">
      <UniqueIdentifier>{6b2e64e4-7619-4a67-a2bb-d2dd566cc671}</UniqueIdentifier>
    </Filter>
    <Filter Include="Core">
      <UniqueIdentifier>{3ca155db-0e19-40be-bdd9-86ba15894de8}</UniqueIdentifier>
    </Filter>
    <Filter Include="Core\Header Files">
      <UniqueIdentifier>{0109a54b-d894-4439-84ec-e58f36b806c6}</UniqueIdentifier>
    </Filter>
    <Filter Include="Core\Source Files">
      <UniqueIdentifier>{0f09eddf-b305-465e-b1cb-f940ee0f9bd7}</UniqueIdentifier>
    </Filter>
    <Filter Include="RequestHandler\Command">
      <UniqueIdentifier>{2f92ec96-2a20-4d48-841c-a301dae0c6e3}</UniqueIdentifier>
    </Filter>
    <Filter Include="RequestHandler\Command\Header Files">
      <UniqueIdentifier>{0b743703-0d87-48d3-a7ef-55bb91cadcd6}</UniqueIdentifier>
    </Filter>
    <Filter Include="RequestHandler\Command\Source Files">
      <UniqueIdentifier>{4b61d333-6ecc-4e29-81b2-e837f2d72f4b}</UniqueIdentifier>
    </Filter>
    <Filter Include="RequestHandler\Clould">
      <UniqueIdentifier>{5dfda01f-baea-4b5e-81d7-cb070914c671}</UniqueIdentifier>
    </Filter>
    <Filter Include="RequestHandler\Ukey">
      <UniqueIdentifier>{3dd8f18b-65b6-44ad-be48-2220efad1247}</UniqueIdentifier>
    </Filter>
    <Filter Include="RequestHandler\Ukey\Header Files">
      <UniqueIdentifier>{62d9a2d3-0499-42ed-a76b-407628706376}</UniqueIdentifier>
    </Filter>
    <Filter Include="RequestHandler\Ukey\Source Files">
      <UniqueIdentifier>{14ed9b58-5116-455b-aa9c-711559167605}</UniqueIdentifier>
    </Filter>
    <Filter Include="RequestHandler\Clould\Header Files">
      <UniqueIdentifier>{670f2fb2-8956-4615-b3c8-902cb116e6ba}</UniqueIdentifier>
    </Filter>
    <Filter Include="RequestHandler\Clould\Source Files">
      <UniqueIdentifier>{5d64b30e-fe16-4a8c-8f36-79a72c25fad3}</UniqueIdentifier>
    </Filter>
    <Filter Include="RequestHandler\Clould\config">
      <UniqueIdentifier>{b95293dc-604d-46df-bde9-115eac80d38a}</UniqueIdentifier>
    </Filter>
    <Filter Include="RequestHandler\common">
      <UniqueIdentifier>{bd7dce43-9d4d-4ca6-8317-ba8cae2b5822}</UniqueIdentifier>
    </Filter>
    <Filter Include="RequestHandler\qrcode">
      <UniqueIdentifier>{53a59e75-902f-4195-8087-7d9739c86664}</UniqueIdentifier>
    </Filter>
    <Filter Include="Core\mqtt">
      <UniqueIdentifier>{c3a124ad-06ad-4750-9a27-11362e96e14c}</UniqueIdentifier>
    </Filter>
  </ItemGroup>
  <ItemGroup>
    <None Include="rsyncAgent.properties">
      <Filter>Configuration Files</Filter>
    </None>
    <None Include="Language.ini">
      <Filter>Configuration Files</Filter>
    </None>
    <None Include="..\bin\config\CloudLogoutAuth.json">
      <Filter>RequestHandler\Clould\config</Filter>
    </None>
    <None Include="..\bin\config\CloudSealAuth.json">
      <Filter>RequestHandler\Clould\config</Filter>
    </None>
    <None Include="..\bin\config\CloudLoginAuth.json">
      <Filter>RequestHandler\Clould\config</Filter>
    </None>
    <None Include="..\bin\config\CloudDevryptAuth.json">
      <Filter>RequestHandler\Clould\config</Filter>
    </None>
    <None Include="..\bin\config\CloudDevryptData.json">
      <Filter>RequestHandler\Clould\config</Filter>
    </None>
    <None Include="..\bin\config\CloudDevryptFile.json">
      <Filter>RequestHandler\Clould\config</Filter>
    </None>
    <None Include="..\bin\config\CloudEncryptAuth.json">
      <Filter>RequestHandler\Clould\config</Filter>
    </None>
    <None Include="..\bin\config\CloudEncryptData.json">
      <Filter>RequestHandler\Clould\config</Filter>
    </None>
    <None Include="..\bin\config\CloudEncryptFile.json">
      <Filter>RequestHandler\Clould\config</Filter>
    </None>
    <None Include="..\bin\config\CloudGetAuth.json">
      <Filter>RequestHandler\Clould\config</Filter>
    </None>
    <None Include="..\bin\config\CloudGetCertAuth.json">
      <Filter>RequestHandler\Clould\config</Filter>
    </None>
    <None Include="..\bin\config\CloudGetCertBase64.json">
      <Filter>RequestHandler\Clould\config</Filter>
    </None>
    <None Include="..\bin\config\CloudGetCompanyCert.json">
      <Filter>RequestHandler\Clould\config</Filter>
    </None>
    <None Include="..\bin\config\CloudGetSealList.json">
      <Filter>RequestHandler\Clould\config</Filter>
    </None>
    <None Include="..\bin\config\CloudGetSignResult.json">
      <Filter>RequestHandler\Clould\config</Filter>
    </None>
    <None Include="..\bin\config\CloudLogout.json">
      <Filter>RequestHandler\Clould\config</Filter>
    </None>
    <None Include="..\bin\config\CloudReceiveDevryptResult.json">
      <Filter>RequestHandler\Clould\config</Filter>
    </None>
    <None Include="..\bin\config\CloudSignByP7.json">
      <Filter>RequestHandler\Clould\config</Filter>
    </None>
    <None Include="src\WebSocketRequestHandler.h">
      <Filter>Core\Source Files</Filter>
    </None>
    <None Include="..\bin\config\CloudGetAuthCode.json">
      <Filter>RequestHandler\Clould\config</Filter>
    </None>
    <None Include="rsyncAgent_gtjd.properties">
      <Filter>Configuration Files</Filter>
    </None>
  </ItemGroup>
  <ItemGroup>
    <ClInclude Include="src\rsyncAgent.h">
      <Filter>Core\Header Files</Filter>
    </ClInclude>
    <ClInclude Include="resource.h">
      <Filter>Core\Header Files</Filter>
    </ClInclude>
    <ClInclude Include="src\RequestHandlerFactory.h">
      <Filter>Core\Header Files</Filter>
    </ClInclude>
    <ClInclude Include="src\AdaptiveRecevier.h">
      <Filter>Core\Header Files</Filter>
    </ClInclude>
    <ClInclude Include="src\routes\Command.h">
      <Filter>RequestHandler\Command</Filter>
    </ClInclude>
    <ClInclude Include="src\GMCrypto.h">
      <Filter>Core\Header Files</Filter>
    </ClInclude>
    <ClInclude Include="src\routes\RequestHandleException.h">
      <Filter>RequestHandler\Command</Filter>
    </ClInclude>
    <ClInclude Include="src\routes\JSONStringify.h">
      <Filter>RequestHandler\Command</Filter>
    </ClInclude>
    <ClInclude Include="src\routes\translater.h">
      <Filter>RequestHandler</Filter>
    </ClInclude>
    <ClInclude Include="src\routes\CertLoginRequestHandler.h">
      <Filter>RequestHandler\Ukey\Header Files</Filter>
    </ClInclude>
    <ClInclude Include="src\routes\ChangePassWdRequestHandler.h">
      <Filter>RequestHandler\Ukey\Header Files</Filter>
    </ClInclude>
    <ClInclude Include="src\routes\DecryptFileRequestHandler.h">
      <Filter>RequestHandler\Ukey\Header Files</Filter>
    </ClInclude>
    <ClInclude Include="src\routes\EncryptFileRequestHandler.h">
      <Filter>RequestHandler\Ukey\Header Files</Filter>
    </ClInclude>
    <ClInclude Include="src\routes\GetCertBase64StringRequestHandler.h">
      <Filter>RequestHandler\Ukey\Header Files</Filter>
    </ClInclude>
    <ClInclude Include="src\routes\GetCertInfoRequestHandler.h">
      <Filter>RequestHandler\Ukey\Header Files</Filter>
    </ClInclude>
    <ClInclude Include="src\routes\GetPinRetryCountRequestHandler.h">
      <Filter>RequestHandler\Ukey\Header Files</Filter>
    </ClInclude>
    <ClInclude Include="src\routes\GetUserListRequestHandler.h">
      <Filter>RequestHandler\Ukey\Header Files</Filter>
    </ClInclude>
    <ClInclude Include="src\routes\KeyDecryptByDigitalEnvelopeRequestHandler.h">
      <Filter>RequestHandler\Ukey\Header Files</Filter>
    </ClInclude>
    <ClInclude Include="src\routes\KeyDecryptDataRequestHandler.h">
      <Filter>RequestHandler\Ukey\Header Files</Filter>
    </ClInclude>
    <ClInclude Include="src\routes\KeyDigitalSignByP1RequestHandler.h">
      <Filter>RequestHandler\Ukey\Header Files</Filter>
    </ClInclude>
    <ClInclude Include="src\routes\KeyEncryptByDigitalEnvelopeRequestHandler.h">
      <Filter>RequestHandler\Ukey\Header Files</Filter>
    </ClInclude>
    <ClInclude Include="src\routes\KeyEncryptDataRequestHandler.h">
      <Filter>RequestHandler\Ukey\Header Files</Filter>
    </ClInclude>
    <ClInclude Include="src\routes\KeyGetKeySnRequestHandler.h">
      <Filter>RequestHandler\Ukey\Header Files</Filter>
    </ClInclude>
    <ClInclude Include="src\routes\KeySignByP1RequestHandler.h">
      <Filter>RequestHandler\Ukey\Header Files</Filter>
    </ClInclude>
    <ClInclude Include="src\routes\KeySignByP7RequestHandler.h">
      <Filter>RequestHandler\Ukey\Header Files</Filter>
    </ClInclude>
    <ClInclude Include="src\routes\VerifyDigitalSignByP1RequestHandler.h">
      <Filter>RequestHandler\Ukey\Header Files</Filter>
    </ClInclude>
    <ClInclude Include="src\routes\VerifyIdentityRequestHandler.h">
      <Filter>RequestHandler\Ukey\Header Files</Filter>
    </ClInclude>
    <ClInclude Include="src\routes\VerifySignByP1ExtRequestHandler.h">
      <Filter>RequestHandler\Ukey\Header Files</Filter>
    </ClInclude>
    <ClInclude Include="src\routes\VerifySignByP1RequestHandler.h">
      <Filter>RequestHandler\Ukey\Header Files</Filter>
    </ClInclude>
    <ClInclude Include="src\routes\VerifySignByP7ExtRequestHandler.h">
      <Filter>RequestHandler\Ukey\Header Files</Filter>
    </ClInclude>
    <ClInclude Include="src\routes\VerifySignByP7RequestHandler.h">
      <Filter>RequestHandler\Ukey\Header Files</Filter>
    </ClInclude>
    <ClInclude Include="src\routes\CloudAPI\CloudLoginAuthRequestHandler.h">
      <Filter>RequestHandler\Clould\Header Files</Filter>
    </ClInclude>
    <ClInclude Include="src\routes\CloudAPI\CloudCommand.h">
      <Filter>RequestHandler\Clould</Filter>
    </ClInclude>
    <ClInclude Include="src\routes\CloudAPI\CloudSealAuthRequestHandler.h">
      <Filter>RequestHandler\Clould\Header Files</Filter>
    </ClInclude>
    <ClInclude Include="src\routes\CloudAPI\CloudLogoutAuthRequestHandler.h">
      <Filter>RequestHandler\Clould\Header Files</Filter>
    </ClInclude>
    <ClInclude Include="src\routes\CloudAPI\GetTransidRequestHandler.h">
      <Filter>RequestHandler\common</Filter>
    </ClInclude>
    <ClInclude Include="src\routes\GetParametersRequestHandler.h">
      <Filter>RequestHandler\common</Filter>
    </ClInclude>
    <ClInclude Include="src\routes\ConfigParametersRequestHandler.h">
      <Filter>RequestHandler\common</Filter>
    </ClInclude>
    <ClInclude Include="src\routes\CloudAPI\GreateQRCodeRequestHandler.h">
      <Filter>RequestHandler\common</Filter>
    </ClInclude>
    <ClInclude Include="src\routes\CloudAPI\CloudGetAuthRequestHandler.h">
      <Filter>RequestHandler\Clould\Header Files</Filter>
    </ClInclude>
    <ClInclude Include="src\routes\CloudAPI\CloudGetSealListRequestHandler.h">
      <Filter>RequestHandler\Clould\Header Files</Filter>
    </ClInclude>
    <ClInclude Include="src\routes\CloudAPI\CloudSignByP7RequestHandler.h">
      <Filter>RequestHandler\Clould\Header Files</Filter>
    </ClInclude>
    <ClInclude Include="src\routes\CloudAPI\CloudGetSignResultRequestHandler.h">
      <Filter>RequestHandler\Clould\Header Files</Filter>
    </ClInclude>
    <ClInclude Include="src\routes\CloudAPI\CloudEncryptAuthRequestHandler.h">
      <Filter>RequestHandler\Clould\Header Files</Filter>
    </ClInclude>
    <ClInclude Include="src\routes\CloudAPI\CloudEncryptDataRequestHandler.h">
      <Filter>RequestHandler\Clould\Header Files</Filter>
    </ClInclude>
    <ClInclude Include="src\routes\CloudAPI\CloudEncryptFileRequestHandler.h">
      <Filter>RequestHandler\Clould\Header Files</Filter>
    </ClInclude>
    <ClInclude Include="src\routes\CloudAPI\CloudDevryptAuthRequestHandler.h">
      <Filter>RequestHandler\Clould\Header Files</Filter>
    </ClInclude>
    <ClInclude Include="src\routes\CloudAPI\CloudDevryptDataRequestHandler.h">
      <Filter>RequestHandler\Clould\Header Files</Filter>
    </ClInclude>
    <ClInclude Include="src\routes\CloudAPI\CloudDevryptFileRequestHandler.h">
      <Filter>RequestHandler\Clould\Header Files</Filter>
    </ClInclude>
    <ClInclude Include="src\routes\CloudAPI\CloudReceiveDevryptResultRequestHandler.h">
      <Filter>RequestHandler\Clould\Header Files</Filter>
    </ClInclude>
    <ClInclude Include="src\routes\CloudAPI\CloudGetCompanyCertRequestHandler.h">
      <Filter>RequestHandler\Clould\Header Files</Filter>
    </ClInclude>
    <ClInclude Include="src\routes\CloudAPI\CloudGetCertAuthRequestHandler.h">
      <Filter>RequestHandler\Clould\Header Files</Filter>
    </ClInclude>
    <ClInclude Include="src\routes\CloudAPI\CloudGetCertBase64RequestHandler.h">
      <Filter>RequestHandler\Clould\Header Files</Filter>
    </ClInclude>
    <ClInclude Include="src\routes\CloudAPI\CloudLogoutRequestHandler.h">
      <Filter>RequestHandler\Clould\Header Files</Filter>
    </ClInclude>
    <ClInclude Include="src\qrcode\BitBuffer.hpp">
      <Filter>RequestHandler\qrcode</Filter>
    </ClInclude>
    <ClInclude Include="src\qrcode\QrCode.hpp">
      <Filter>RequestHandler\qrcode</Filter>
    </ClInclude>
    <ClInclude Include="src\qrcode\QrSegment.hpp">
      <Filter>RequestHandler\qrcode</Filter>
    </ClInclude>
    <ClInclude Include="src\routes\KeyDecryptFileRequestHandler.h">
      <Filter>RequestHandler\Ukey\Header Files</Filter>
    </ClInclude>
    <ClInclude Include="src\routes\KeyEncryptFileRequestHandler.h">
      <Filter>RequestHandler\Ukey\Header Files</Filter>
    </ClInclude>
    <ClInclude Include="src\routes\KeyStatusRequestHandler.h">
      <Filter>RequestHandler\Ukey\Header Files</Filter>
    </ClInclude>
    <ClInclude Include="src\mqtt\CloudEventRecevier.h">
      <Filter>Core\mqtt</Filter>
    </ClInclude>
    <ClInclude Include="src\mqtt\MQTTAsyncClient.h">
      <Filter>Core\mqtt</Filter>
    </ClInclude>
    <ClInclude Include="src\Utility.h">
      <Filter>Core\Header Files</Filter>
    </ClInclude>
    <ClInclude Include="src\TokenManager.h">
      <Filter>Core\mqtt</Filter>
    </ClInclude>
    <ClInclude Include="src\routes\CloudAPI\EncryptFileBase64RequestHandler.h">
      <Filter>RequestHandler\Clould\Header Files</Filter>
    </ClInclude>
    <ClInclude Include="src\routes\CloudAPI\EncryptDataBase64RequestHandler.h">
      <Filter>RequestHandler\Clould\Header Files</Filter>
    </ClInclude>
    <ClInclude Include="src\CustomChannel.h">
      <Filter>Core</Filter>
    </ClInclude>
    <ClInclude Include="src\routes\CloudAPI\ConfigParamsByBussSysRequestHandler.h">
      <Filter>RequestHandler\common</Filter>
    </ClInclude>
    <ClInclude Include="src\routes\sm4\_sm4.h">
      <Filter>Core</Filter>
    </ClInclude>
    <ClInclude Include="src\routes\DevryptDataRequestHandler.h">
      <Filter>RequestHandler\common</Filter>
    </ClInclude>
    <ClInclude Include="src\routes\EncryptDataRequestHandler.h">
      <Filter>RequestHandler\common</Filter>
    </ClInclude>
    <ClInclude Include="src\routes\KeyGetDeviceInfoRequestHandler.h">
      <Filter>RequestHandler\Ukey\Header Files</Filter>
    </ClInclude>
    <ClInclude Include="src\mqtt\WSQTTHandler.h">
      <Filter>Core\mqtt</Filter>
    </ClInclude>
    <ClInclude Include="src\WSQTTServiceHandler.h">
      <Filter>Core\Source Files</Filter>
    </ClInclude>
  </ItemGroup>
  <ItemGroup>
    <ClCompile Include="src\RequestHandlerFactory.cpp">
      <Filter>Core\Source Files</Filter>
    </ClCompile>
    <ClCompile Include="src\rsyncAgent.cpp">
      <Filter>Core\Source Files</Filter>
    </ClCompile>
    <ClCompile Include="src\AdaptiveRecevier.cpp">
      <Filter>Core\Source Files</Filter>
    </ClCompile>
    <ClCompile Include="src\routes\Command.cpp">
      <Filter>RequestHandler\Command</Filter>
    </ClCompile>
    <ClCompile Include="src\routes\RequestHandleException.cpp">
      <Filter>RequestHandler\Command</Filter>
    </ClCompile>
    <ClCompile Include="src\routes\JSONStringify.cpp">
      <Filter>RequestHandler\Command</Filter>
    </ClCompile>
    <ClCompile Include="src\routes\translater.cpp">
      <Filter>RequestHandler</Filter>
    </ClCompile>
    <ClCompile Include="src\routes\CertLoginRequestHandler.cpp">
      <Filter>RequestHandler\Ukey\Source Files</Filter>
    </ClCompile>
    <ClCompile Include="src\routes\ChangePassWdRequestHandler.cpp">
      <Filter>RequestHandler\Ukey\Source Files</Filter>
    </ClCompile>
    <ClCompile Include="src\routes\GetCertBase64StringRequestHandler.cpp">
      <Filter>RequestHandler\Ukey\Source Files</Filter>
    </ClCompile>
    <ClCompile Include="src\routes\GetCertInfoRequestHandler.cpp">
      <Filter>RequestHandler\Ukey\Source Files</Filter>
    </ClCompile>
    <ClCompile Include="src\routes\GetPinRetryCountRequestHandler.cpp">
      <Filter>RequestHandler\Ukey\Source Files</Filter>
    </ClCompile>
    <ClCompile Include="src\routes\GetUserListRequestHandler.cpp">
      <Filter>RequestHandler\Ukey\Source Files</Filter>
    </ClCompile>
    <ClCompile Include="src\routes\KeyDecryptByDigitalEnvelopeRequestHandler.cpp">
      <Filter>RequestHandler\Ukey\Source Files</Filter>
    </ClCompile>
    <ClCompile Include="src\routes\KeyDecryptDataRequestHandler.cpp">
      <Filter>RequestHandler\Ukey\Source Files</Filter>
    </ClCompile>
    <ClCompile Include="src\routes\KeyEncryptByDigitalEnvelopeRequestHandler.cpp">
      <Filter>RequestHandler\Ukey\Source Files</Filter>
    </ClCompile>
    <ClCompile Include="src\routes\KeyEncryptDataRequestHandler.cpp">
      <Filter>RequestHandler\Ukey\Source Files</Filter>
    </ClCompile>
    <ClCompile Include="src\routes\KeyGetKeySnRequestHandler.cpp">
      <Filter>RequestHandler\Ukey\Source Files</Filter>
    </ClCompile>
    <ClCompile Include="src\routes\KeySignByP7RequestHandler.cpp">
      <Filter>RequestHandler\Ukey\Source Files</Filter>
    </ClCompile>
    <ClCompile Include="src\routes\KeySignByP1RequestHandler.cpp">
      <Filter>RequestHandler\Ukey\Source Files</Filter>
    </ClCompile>
    <ClCompile Include="src\routes\VerifySignByP1RequestHandler.cpp">
      <Filter>RequestHandler\Ukey\Source Files</Filter>
    </ClCompile>
    <ClCompile Include="src\routes\VerifySignByP7RequestHandler.cpp">
      <Filter>RequestHandler\Ukey\Source Files</Filter>
    </ClCompile>
    <ClCompile Include="src\routes\CloudAPI\CloudCommand.cpp">
      <Filter>RequestHandler\Clould</Filter>
    </ClCompile>
    <ClCompile Include="src\qrcode\BitBuffer.cpp">
      <Filter>RequestHandler\qrcode</Filter>
    </ClCompile>
    <ClCompile Include="src\qrcode\QrCode.cpp">
      <Filter>RequestHandler\qrcode</Filter>
    </ClCompile>
    <ClCompile Include="src\qrcode\QrSegment.cpp">
      <Filter>RequestHandler\qrcode</Filter>
    </ClCompile>
    <ClCompile Include="src\routes\KeyStatusRequestHandler.cpp">
      <Filter>RequestHandler\Ukey\Source Files</Filter>
    </ClCompile>
    <ClCompile Include="src\routes\KeyDecryptFileRequestHandler.cpp">
      <Filter>RequestHandler\Ukey\Source Files</Filter>
    </ClCompile>
    <ClCompile Include="src\routes\KeyEncryptFileRequestHandler.cpp">
      <Filter>RequestHandler\Ukey\Source Files</Filter>
    </ClCompile>
    <ClCompile Include="src\routes\ConfigParametersRequestHandler.cpp">
      <Filter>RequestHandler\common</Filter>
    </ClCompile>
    <ClCompile Include="src\mqtt\CloudEventRecevier.cpp">
      <Filter>Core\mqtt</Filter>
    </ClCompile>
    <ClCompile Include="src\mqtt\MQTTAsyncClient.cpp">
      <Filter>Core\mqtt</Filter>
    </ClCompile>
    <ClCompile Include="src\Utility.cpp">
      <Filter>Core\Source Files</Filter>
    </ClCompile>
    <ClCompile Include="src\TokenManager.cpp">
      <Filter>Core\Source Files</Filter>
    </ClCompile>
    <ClCompile Include="src\CustomChannel.cpp">
      <Filter>Core</Filter>
    </ClCompile>
    <ClCompile Include="src\routes\CloudAPI\ConfigParamsByBussSysRequestHandler.cpp">
      <Filter>RequestHandler\common</Filter>
    </ClCompile>
    <ClCompile Include="src\routes\sm4\_sm4.cpp">
      <Filter>Core</Filter>
    </ClCompile>
    <ClCompile Include="src\routes\DecryptFileRequestHandler.cpp">
      <Filter>RequestHandler\common</Filter>
    </ClCompile>
    <ClCompile Include="src\routes\EncryptFileRequestHandler.cpp">
      <Filter>RequestHandler\common</Filter>
    </ClCompile>
    <ClCompile Include="src\routes\DevryptDataRequestHandler.cpp">
      <Filter>RequestHandler\common</Filter>
    </ClCompile>
    <ClCompile Include="src\routes\EncryptDataRequestHandler.cpp">
      <Filter>RequestHandler\common</Filter>
    </ClCompile>
    <ClCompile Include="src\routes\KeyGetDeviceInfoRequestHandler.cpp">
      <Filter>RequestHandler\Ukey\Source Files</Filter>
    </ClCompile>
    <ClCompile Include="src\mqtt\WSQTTHandler.cpp">
      <Filter>Core\mqtt</Filter>
    </ClCompile>
    <ClCompile Include="src\WSQTTServiceHandler.cpp">
      <Filter>Core\Source Files</Filter>
    </ClCompile>
  </ItemGroup>
  <ItemGroup>
    <ResourceCompile Include="rsyncAgent.rc">
      <Filter>Configuration Files</Filter>
    </ResourceCompile>
  </ItemGroup>
</Project>